
Microsoft Visual Studio Solution File, Format Version 12.00
# Visual Studio Version 17
VisualStudioVersion = 17.2.32526.322
MinimumVisualStudioVersion = 10.0.40219.1
Project("{2150E333-8FDC-42A3-9474-1A3956D46DE8}") = "Services", "Services", "{FABAD387-66F2-4ABA-AE10-B5367225086E}"
EndProject
Project("{2150E333-8FDC-42A3-9474-1A3956D46DE8}") = "WebApps", "WebApps", "{064C996B-2864-4836-8400-A733468EF9E5}"
EndProject
Project("{2150E333-8FDC-42A3-9474-1A3956D46DE8}") = "Cadastros", "Cadastros", "{228E5126-394F-4559-B1B9-7E33C0BC1838}"
EndProject
Project("{2150E333-8FDC-42A3-9474-1A3956D46DE8}") = "Catalogo", "Catalogo", "{C91E7126-BD76-45FD-9440-E44E1E608C20}"
EndProject
Project("{2150E333-8FDC-42A3-9474-1A3956D46DE8}") = "Core", "Core", "{C84E44C1-B23E-4819-9303-B0993EE2E61D}"
EndProject
Project("{2150E333-8FDC-42A3-9474-1A3956D46DE8}") = "Fiscal", "Fiscal", "{5997A693-423A-45C0-BDFD-056C8A1230AC}"
EndProject
Project("{2150E333-8FDC-42A3-9474-1A3956D46DE8}") = "Pagamentos", "Pagamentos", "{9B88BB03-9FD1-4523-9AD7-AE249417683D}"
EndProject
Project("{2150E333-8FDC-42A3-9474-1A3956D46DE8}") = "Vendas", "Vendas", "{8A232287-9FBC-410E-BB78-12A4E4B44964}"
EndProject
Project("{FAE04EC0-301F-11D3-BF4B-00C04F79EFBC}") = "NerdStore.Catalogo.Domain", "src\NerdStore.Catalogo.Domain\NerdStore.Catalogo.Domain.csproj", "{3CC68C65-CFCE-4F5A-A5FB-0B1773D2D47B}"
EndProject
Project("{FAE04EC0-301F-11D3-BF4B-00C04F79EFBC}") = "NerdStore.Core", "src\NerdStore.Core\NerdStore.Core.csproj", "{5D063874-D5A2-4503-B0BE-57B700E44765}"
EndProject
Global
	GlobalSection(SolutionConfigurationPlatforms) = preSolution
		Debug|Any CPU = Debug|Any CPU
		Release|Any CPU = Release|Any CPU
	EndGlobalSection
	GlobalSection(ProjectConfigurationPlatforms) = postSolution
		{3CC68C65-CFCE-4F5A-A5FB-0B1773D2D47B}.Debug|Any CPU.ActiveCfg = Debug|Any CPU
		{3CC68C65-CFCE-4F5A-A5FB-0B1773D2D47B}.Debug|Any CPU.Build.0 = Debug|Any CPU
		{3CC68C65-CFCE-4F5A-A5FB-0B1773D2D47B}.Release|Any CPU.ActiveCfg = Release|Any CPU
		{3CC68C65-CFCE-4F5A-A5FB-0B1773D2D47B}.Release|Any CPU.Build.0 = Release|Any CPU
		{5D063874-D5A2-4503-B0BE-57B700E44765}.Debug|Any CPU.ActiveCfg = Debug|Any CPU
		{5D063874-D5A2-4503-B0BE-57B700E44765}.Debug|Any CPU.Build.0 = Debug|Any CPU
		{5D063874-D5A2-4503-B0BE-57B700E44765}.Release|Any CPU.ActiveCfg = Release|Any CPU
		{5D063874-D5A2-4503-B0BE-57B700E44765}.Release|Any CPU.Build.0 = Release|Any CPU
	EndGlobalSection
	GlobalSection(SolutionProperties) = preSolution
		HideSolutionNode = FALSE
	EndGlobalSection
	GlobalSection(NestedProjects) = preSolution
		{228E5126-394F-4559-B1B9-7E33C0BC1838} = {FABAD387-66F2-4ABA-AE10-B5367225086E}
		{C91E7126-BD76-45FD-9440-E44E1E608C20} = {FABAD387-66F2-4ABA-AE10-B5367225086E}
		{C84E44C1-B23E-4819-9303-B0993EE2E61D} = {FABAD387-66F2-4ABA-AE10-B5367225086E}
		{5997A693-423A-45C0-BDFD-056C8A1230AC} = {FABAD387-66F2-4ABA-AE10-B5367225086E}
		{9B88BB03-9FD1-4523-9AD7-AE249417683D} = {FABAD387-66F2-4ABA-AE10-B5367225086E}
		{8A232287-9FBC-410E-BB78-12A4E4B44964} = {FABAD387-66F2-4ABA-AE10-B5367225086E}
		{3CC68C65-CFCE-4F5A-A5FB-0B1773D2D47B} = {C91E7126-BD76-45FD-9440-E44E1E608C20}
		{5D063874-D5A2-4503-B0BE-57B700E44765} = {C84E44C1-B23E-4819-9303-B0993EE2E61D}
	EndGlobalSection
	GlobalSection(ExtensibilityGlobals) = postSolution
		SolutionGuid = {26CA624E-3DBC-4688-896C-6E886BA275B0}
	EndGlobalSection
EndGlobal
