
Microsoft Visual Studio Solution File, Format Version 12.00
# Visual Studio Version 17
VisualStudioVersion = 17.2.32526.322
MinimumVisualStudioVersion = 10.0.40219.1
Project("{2150E333-8FDC-42A3-9474-1A3956D46DE8}") = "Services", "Services", "{FABAD387-66F2-4ABA-AE10-B5367225086E}"
EndProject
Project("{2150E333-8FDC-42A3-9474-1A3956D46DE8}") = "WebApps", "WebApps", "{064C996B-2864-4836-8400-A733468EF9E5}"
EndProject
Project("{2150E333-8FDC-42A3-9474-1A3956D46DE8}") = "Cadastros", "Cadastros", "{228E5126-394F-4559-B1B9-7E33C0BC1838}"
EndProject
Project("{2150E333-8FDC-42A3-9474-1A3956D46DE8}") = "Catalog", "Catalog", "{C91E7126-BD76-45FD-9440-E44E1E608C20}"
EndProject
Project("{2150E333-8FDC-42A3-9474-1A3956D46DE8}") = "Core", "Core", "{C84E44C1-B23E-4819-9303-B0993EE2E61D}"
EndProject
Project("{2150E333-8FDC-42A3-9474-1A3956D46DE8}") = "Fiscal", "Fiscal", "{5997A693-423A-45C0-BDFD-056C8A1230AC}"
EndProject
Project("{2150E333-8FDC-42A3-9474-1A3956D46DE8}") = "Payment", "Payment", "{9B88BB03-9FD1-4523-9AD7-AE249417683D}"
EndProject
Project("{2150E333-8FDC-42A3-9474-1A3956D46DE8}") = "Sales", "Sales", "{8A232287-9FBC-410E-BB78-12A4E4B44964}"
EndProject
Project("{9A19103F-16F7-4668-BE54-9A1E7A4F7556}") = "NerdStore.Catalog.Domain", "src\NerdStore.Catalogo.Domain\NerdStore.Catalog.Domain.csproj", "{3CC68C65-CFCE-4F5A-A5FB-0B1773D2D47B}"
EndProject
Project("{9A19103F-16F7-4668-BE54-9A1E7A4F7556}") = "NerdStore.Core", "src\NerdStore.Core\NerdStore.Core.csproj", "{5D063874-D5A2-4503-B0BE-57B700E44765}"
EndProject
Project("{2150E333-8FDC-42A3-9474-1A3956D46DE8}") = "Tests", "Tests", "{A38CCAE0-CB64-45B8-A3D2-FF9C9A5067F5}"
EndProject
Project("{9A19103F-16F7-4668-BE54-9A1E7A4F7556}") = "NerdStore.Catalog.Domain.Tests", "tests\NerdStore.Catalog.Domain.Tests\NerdStore.Catalog.Domain.Tests.csproj", "{9B000813-F748-4ED3-B657-688769BBC717}"
	ProjectSection(ProjectDependencies) = postProject
		{3CC68C65-CFCE-4F5A-A5FB-0B1773D2D47B} = {3CC68C65-CFCE-4F5A-A5FB-0B1773D2D47B}
		{5D063874-D5A2-4503-B0BE-57B700E44765} = {5D063874-D5A2-4503-B0BE-57B700E44765}
	EndProjectSection
EndProject
Project("{9A19103F-16F7-4668-BE54-9A1E7A4F7556}") = "NerdStore.Catalog.Data", "src\NerdStore.Catalog.Data\NerdStore.Catalog.Data.csproj", "{4F60B6FB-A147-4FF0-93A8-8C0E62A97132}"
	ProjectSection(ProjectDependencies) = postProject
		{3CC68C65-CFCE-4F5A-A5FB-0B1773D2D47B} = {3CC68C65-CFCE-4F5A-A5FB-0B1773D2D47B}
		{5D063874-D5A2-4503-B0BE-57B700E44765} = {5D063874-D5A2-4503-B0BE-57B700E44765}
	EndProjectSection
EndProject
Project("{9A19103F-16F7-4668-BE54-9A1E7A4F7556}") = "NerdStore.Catalog.Application", "src\NerdStore.Catalog.Application\NerdStore.Catalog.Application.csproj", "{64CF46EA-01B5-40EE-8B09-443CFDF53734}"
EndProject
Project("{9A19103F-16F7-4668-BE54-9A1E7A4F7556}") = "NerdStore.WebApplication.MVC", "src\NerdStore.WebApplication.MVC\NerdStore.WebApplication.MVC.csproj", "{3B5029BE-B393-4150-85E5-E181667D4ED5}"
EndProject
Project("{9A19103F-16F7-4668-BE54-9A1E7A4F7556}") = "NerdStore.Sales.Domain", "src\NerdStore.Sales.Domain\NerdStore.Sales.Domain.csproj", "{7660D947-2149-487A-9FC5-5C6DB33910C5}"
EndProject
Project("{9A19103F-16F7-4668-BE54-9A1E7A4F7556}") = "NerdStore.Sales.Application", "src\NerdStore.Sales.Application\NerdStore.Sales.Application.csproj", "{C3D889DF-A9BA-480B-B112-EBB7C096624C}"
EndProject
Project("{9A19103F-16F7-4668-BE54-9A1E7A4F7556}") = "NerdStore.Sales.Data", "src\NerdStore.Sales.Data\NerdStore.Sales.Data.csproj", "{A302BD5E-1908-4C17-A5DD-95C35943DF62}"
EndProject
Project("{FAE04EC0-301F-11D3-BF4B-00C04F79EFBC}") = "NerdStore.Payment.AntiCorruption", "src\NerdStore.Payment.AntiCorruption\NerdStore.Payment.AntiCorruption.csproj", "{60DE9513-4D29-445C-BE68-79A72CD4B506}"
EndProject
Project("{FAE04EC0-301F-11D3-BF4B-00C04F79EFBC}") = "NerdStore.Payment.Data", "src\NerdStore.Payment.Data\NerdStore.Payment.Data.csproj", "{9D8E84B5-5256-4FE5-8E0C-AECCA3F58DF8}"
EndProject
Project("{FAE04EC0-301F-11D3-BF4B-00C04F79EFBC}") = "NerdStore.Payment.Business", "src\NerdStore.Payment.Business\NerdStore.Payment.Business.csproj", "{540CC5AA-3149-4F46-B691-C54EDAE2ABF9}"
EndProject
Global
	GlobalSection(SolutionConfigurationPlatforms) = preSolution
		Debug|Any CPU = Debug|Any CPU
		Release|Any CPU = Release|Any CPU
	EndGlobalSection
	GlobalSection(ProjectConfigurationPlatforms) = postSolution
		{3CC68C65-CFCE-4F5A-A5FB-0B1773D2D47B}.Debug|Any CPU.ActiveCfg = Debug|Any CPU
		{3CC68C65-CFCE-4F5A-A5FB-0B1773D2D47B}.Debug|Any CPU.Build.0 = Debug|Any CPU
		{3CC68C65-CFCE-4F5A-A5FB-0B1773D2D47B}.Release|Any CPU.ActiveCfg = Release|Any CPU
		{3CC68C65-CFCE-4F5A-A5FB-0B1773D2D47B}.Release|Any CPU.Build.0 = Release|Any CPU
		{5D063874-D5A2-4503-B0BE-57B700E44765}.Debug|Any CPU.ActiveCfg = Debug|Any CPU
		{5D063874-D5A2-4503-B0BE-57B700E44765}.Debug|Any CPU.Build.0 = Debug|Any CPU
		{5D063874-D5A2-4503-B0BE-57B700E44765}.Release|Any CPU.ActiveCfg = Release|Any CPU
		{5D063874-D5A2-4503-B0BE-57B700E44765}.Release|Any CPU.Build.0 = Release|Any CPU
		{9B000813-F748-4ED3-B657-688769BBC717}.Debug|Any CPU.ActiveCfg = Debug|Any CPU
		{9B000813-F748-4ED3-B657-688769BBC717}.Debug|Any CPU.Build.0 = Debug|Any CPU
		{9B000813-F748-4ED3-B657-688769BBC717}.Release|Any CPU.ActiveCfg = Release|Any CPU
		{9B000813-F748-4ED3-B657-688769BBC717}.Release|Any CPU.Build.0 = Release|Any CPU
		{4F60B6FB-A147-4FF0-93A8-8C0E62A97132}.Debug|Any CPU.ActiveCfg = Debug|Any CPU
		{4F60B6FB-A147-4FF0-93A8-8C0E62A97132}.Debug|Any CPU.Build.0 = Debug|Any CPU
		{4F60B6FB-A147-4FF0-93A8-8C0E62A97132}.Release|Any CPU.ActiveCfg = Release|Any CPU
		{4F60B6FB-A147-4FF0-93A8-8C0E62A97132}.Release|Any CPU.Build.0 = Release|Any CPU
		{64CF46EA-01B5-40EE-8B09-443CFDF53734}.Debug|Any CPU.ActiveCfg = Debug|Any CPU
		{64CF46EA-01B5-40EE-8B09-443CFDF53734}.Debug|Any CPU.Build.0 = Debug|Any CPU
		{64CF46EA-01B5-40EE-8B09-443CFDF53734}.Release|Any CPU.ActiveCfg = Release|Any CPU
		{64CF46EA-01B5-40EE-8B09-443CFDF53734}.Release|Any CPU.Build.0 = Release|Any CPU
		{3B5029BE-B393-4150-85E5-E181667D4ED5}.Debug|Any CPU.ActiveCfg = Debug|Any CPU
		{3B5029BE-B393-4150-85E5-E181667D4ED5}.Debug|Any CPU.Build.0 = Debug|Any CPU
		{3B5029BE-B393-4150-85E5-E181667D4ED5}.Release|Any CPU.ActiveCfg = Release|Any CPU
		{3B5029BE-B393-4150-85E5-E181667D4ED5}.Release|Any CPU.Build.0 = Release|Any CPU
		{7660D947-2149-487A-9FC5-5C6DB33910C5}.Debug|Any CPU.ActiveCfg = Debug|Any CPU
		{7660D947-2149-487A-9FC5-5C6DB33910C5}.Debug|Any CPU.Build.0 = Debug|Any CPU
		{7660D947-2149-487A-9FC5-5C6DB33910C5}.Release|Any CPU.ActiveCfg = Release|Any CPU
		{7660D947-2149-487A-9FC5-5C6DB33910C5}.Release|Any CPU.Build.0 = Release|Any CPU
		{C3D889DF-A9BA-480B-B112-EBB7C096624C}.Debug|Any CPU.ActiveCfg = Debug|Any CPU
		{C3D889DF-A9BA-480B-B112-EBB7C096624C}.Debug|Any CPU.Build.0 = Debug|Any CPU
		{C3D889DF-A9BA-480B-B112-EBB7C096624C}.Release|Any CPU.ActiveCfg = Release|Any CPU
		{C3D889DF-A9BA-480B-B112-EBB7C096624C}.Release|Any CPU.Build.0 = Release|Any CPU
		{A302BD5E-1908-4C17-A5DD-95C35943DF62}.Debug|Any CPU.ActiveCfg = Debug|Any CPU
		{A302BD5E-1908-4C17-A5DD-95C35943DF62}.Debug|Any CPU.Build.0 = Debug|Any CPU
		{A302BD5E-1908-4C17-A5DD-95C35943DF62}.Release|Any CPU.ActiveCfg = Release|Any CPU
		{A302BD5E-1908-4C17-A5DD-95C35943DF62}.Release|Any CPU.Build.0 = Release|Any CPU
		{60DE9513-4D29-445C-BE68-79A72CD4B506}.Debug|Any CPU.ActiveCfg = Debug|Any CPU
		{60DE9513-4D29-445C-BE68-79A72CD4B506}.Debug|Any CPU.Build.0 = Debug|Any CPU
		{60DE9513-4D29-445C-BE68-79A72CD4B506}.Release|Any CPU.ActiveCfg = Release|Any CPU
		{60DE9513-4D29-445C-BE68-79A72CD4B506}.Release|Any CPU.Build.0 = Release|Any CPU
		{9D8E84B5-5256-4FE5-8E0C-AECCA3F58DF8}.Debug|Any CPU.ActiveCfg = Debug|Any CPU
		{9D8E84B5-5256-4FE5-8E0C-AECCA3F58DF8}.Debug|Any CPU.Build.0 = Debug|Any CPU
		{9D8E84B5-5256-4FE5-8E0C-AECCA3F58DF8}.Release|Any CPU.ActiveCfg = Release|Any CPU
		{9D8E84B5-5256-4FE5-8E0C-AECCA3F58DF8}.Release|Any CPU.Build.0 = Release|Any CPU
		{540CC5AA-3149-4F46-B691-C54EDAE2ABF9}.Debug|Any CPU.ActiveCfg = Debug|Any CPU
		{540CC5AA-3149-4F46-B691-C54EDAE2ABF9}.Debug|Any CPU.Build.0 = Debug|Any CPU
		{540CC5AA-3149-4F46-B691-C54EDAE2ABF9}.Release|Any CPU.ActiveCfg = Release|Any CPU
		{540CC5AA-3149-4F46-B691-C54EDAE2ABF9}.Release|Any CPU.Build.0 = Release|Any CPU
	EndGlobalSection
	GlobalSection(SolutionProperties) = preSolution
		HideSolutionNode = FALSE
	EndGlobalSection
	GlobalSection(NestedProjects) = preSolution
		{228E5126-394F-4559-B1B9-7E33C0BC1838} = {FABAD387-66F2-4ABA-AE10-B5367225086E}
		{C91E7126-BD76-45FD-9440-E44E1E608C20} = {FABAD387-66F2-4ABA-AE10-B5367225086E}
		{C84E44C1-B23E-4819-9303-B0993EE2E61D} = {FABAD387-66F2-4ABA-AE10-B5367225086E}
		{5997A693-423A-45C0-BDFD-056C8A1230AC} = {FABAD387-66F2-4ABA-AE10-B5367225086E}
		{9B88BB03-9FD1-4523-9AD7-AE249417683D} = {FABAD387-66F2-4ABA-AE10-B5367225086E}
		{8A232287-9FBC-410E-BB78-12A4E4B44964} = {FABAD387-66F2-4ABA-AE10-B5367225086E}
		{3CC68C65-CFCE-4F5A-A5FB-0B1773D2D47B} = {C91E7126-BD76-45FD-9440-E44E1E608C20}
		{5D063874-D5A2-4503-B0BE-57B700E44765} = {C84E44C1-B23E-4819-9303-B0993EE2E61D}
		{A38CCAE0-CB64-45B8-A3D2-FF9C9A5067F5} = {C91E7126-BD76-45FD-9440-E44E1E608C20}
		{9B000813-F748-4ED3-B657-688769BBC717} = {A38CCAE0-CB64-45B8-A3D2-FF9C9A5067F5}
		{4F60B6FB-A147-4FF0-93A8-8C0E62A97132} = {C91E7126-BD76-45FD-9440-E44E1E608C20}
		{64CF46EA-01B5-40EE-8B09-443CFDF53734} = {C91E7126-BD76-45FD-9440-E44E1E608C20}
		{3B5029BE-B393-4150-85E5-E181667D4ED5} = {064C996B-2864-4836-8400-A733468EF9E5}
		{7660D947-2149-487A-9FC5-5C6DB33910C5} = {8A232287-9FBC-410E-BB78-12A4E4B44964}
		{C3D889DF-A9BA-480B-B112-EBB7C096624C} = {8A232287-9FBC-410E-BB78-12A4E4B44964}
		{A302BD5E-1908-4C17-A5DD-95C35943DF62} = {8A232287-9FBC-410E-BB78-12A4E4B44964}
		{60DE9513-4D29-445C-BE68-79A72CD4B506} = {9B88BB03-9FD1-4523-9AD7-AE249417683D}
		{9D8E84B5-5256-4FE5-8E0C-AECCA3F58DF8} = {9B88BB03-9FD1-4523-9AD7-AE249417683D}
		{540CC5AA-3149-4F46-B691-C54EDAE2ABF9} = {9B88BB03-9FD1-4523-9AD7-AE249417683D}
	EndGlobalSection
	GlobalSection(ExtensibilityGlobals) = postSolution
		SolutionGuid = {26CA624E-3DBC-4688-896C-6E886BA275B0}
	EndGlobalSection
EndGlobal
